// !$*UTF8*$!
{
	archiveVersion = 1;
	classes = {
	};
	objectVersion = 56;
	objects = {

/* Begin PBXBuildFile section */
		D98F6F362C26ED720003B5AD /* AppDelegate.swift in Sources */ = {isa = PBXBuildFile; fileRef = D98F6F352C26ED720003B5AD /* AppDelegate.swift */; };
		D98F6F382C26ED720003B5AD /* SceneDelegate.swift in Sources */ = {isa = PBXBuildFile; fileRef = D98F6F372C26ED720003B5AD /* SceneDelegate.swift */; };
		D98F6F3F2C26ED730003B5AD /* Assets.xcassets in Resources */ = {isa = PBXBuildFile; fileRef = D98F6F3E2C26ED730003B5AD /* Assets.xcassets */; };
		D98F6F422C26ED730003B5AD /* Base in Resources */ = {isa = PBXBuildFile; fileRef = D98F6F412C26ED730003B5AD /* Base */; };
		D98F6F4B2C26F12D0003B5AD /* NetworkManager.swift in Sources */ = {isa = PBXBuildFile; fileRef = D98F6F4A2C26F12D0003B5AD /* NetworkManager.swift */; };
		D98F6F4D2C26F2870003B5AD /* QuotesManager.swift in Sources */ = {isa = PBXBuildFile; fileRef = D98F6F4C2C26F2870003B5AD /* QuotesManager.swift */; };
		D98F6F512C26FBD00003B5AD /* QuoteView.swift in Sources */ = {isa = PBXBuildFile; fileRef = D98F6F502C26FBD00003B5AD /* QuoteView.swift */; };
		D98F6F532C26FBF50003B5AD /* QuotesViewController.swift in Sources */ = {isa = PBXBuildFile; fileRef = D98F6F522C26FBF50003B5AD /* QuotesViewController.swift */; };
		D98F6F552C26FC280003B5AD /* MainViewController.swift in Sources */ = {isa = PBXBuildFile; fileRef = D98F6F542C26FC280003B5AD /* MainViewController.swift */; };
		D98F6F572C26FC4D0003B5AD /* MainView.swift in Sources */ = {isa = PBXBuildFile; fileRef = D98F6F562C26FC4D0003B5AD /* MainView.swift */; };
		D98F6F592C2702A20003B5AD /* MainTabBarController.swift in Sources */ = {isa = PBXBuildFile; fileRef = D98F6F582C2702A20003B5AD /* MainTabBarController.swift */; };
		D98F6F5D2C2703BA0003B5AD /* ChuckNorrisViewController.swift in Sources */ = {isa = PBXBuildFile; fileRef = D98F6F5C2C2703BA0003B5AD /* ChuckNorrisViewController.swift */; };
		D98F6F5F2C2703C60003B5AD /* JokesViewController.swift in Sources */ = {isa = PBXBuildFile; fileRef = D98F6F5E2C2703C60003B5AD /* JokesViewController.swift */; };
		D98F6F612C2704D40003B5AD /* JokesManager.swift in Sources */ = {isa = PBXBuildFile; fileRef = D98F6F602C2704D40003B5AD /* JokesManager.swift */; };
		D98F6F632C2705CB0003B5AD /* ChuckNorrisManager.swift in Sources */ = {isa = PBXBuildFile; fileRef = D98F6F622C2705CB0003B5AD /* ChuckNorrisManager.swift */; };
		D98F6F652C27063C0003B5AD /* JokeView.swift in Sources */ = {isa = PBXBuildFile; fileRef = D98F6F642C27063C0003B5AD /* JokeView.swift */; };
		D98F6F672C27064E0003B5AD /* ChuckNorrisView.swift in Sources */ = {isa = PBXBuildFile; fileRef = D98F6F662C27064E0003B5AD /* ChuckNorrisView.swift */; };
/* End PBXBuildFile section */

/* Begin PBXFileReference section */
		D98F6F322C26ED720003B5AD /* ios-quotes-api-ninjas.app */ = {isa = PBXFileReference; explicitFileType = wrapper.application; includeInIndex = 0; path = "ios-quotes-api-ninjas.app"; sourceTree = BUILT_PRODUCTS_DIR; };
		D98F6F352C26ED720003B5AD /* AppDelegate.swift */ = {isa = PBXFileReference; lastKnownFileType = sourcecode.swift; path = AppDelegate.swift; sourceTree = "<group>"; };
		D98F6F372C26ED720003B5AD /* SceneDelegate.swift */ = {isa = PBXFileReference; lastKnownFileType = sourcecode.swift; path = SceneDelegate.swift; sourceTree = "<group>"; };
		D98F6F3E2C26ED730003B5AD /* Assets.xcassets */ = {isa = PBXFileReference; lastKnownFileType = folder.assetcatalog; path = Assets.xcassets; sourceTree = "<group>"; };
		D98F6F412C26ED730003B5AD /* Base */ = {isa = PBXFileReference; lastKnownFileType = file.storyboard; name = Base; path = Base.lproj/LaunchScreen.storyboard; sourceTree = "<group>"; };
		D98F6F432C26ED730003B5AD /* Info.plist */ = {isa = PBXFileReference; lastKnownFileType = text.plist.xml; path = Info.plist; sourceTree = "<group>"; };
		D98F6F4A2C26F12D0003B5AD /* NetworkManager.swift */ = {isa = PBXFileReference; lastKnownFileType = sourcecode.swift; path = NetworkManager.swift; sourceTree = "<group>"; };
		D98F6F4C2C26F2870003B5AD /* QuotesManager.swift */ = {isa = PBXFileReference; lastKnownFileType = sourcecode.swift; path = QuotesManager.swift; sourceTree = "<group>"; };
		D98F6F502C26FBD00003B5AD /* QuoteView.swift */ = {isa = PBXFileReference; lastKnownFileType = sourcecode.swift; path = QuoteView.swift; sourceTree = "<group>"; };
		D98F6F522C26FBF50003B5AD /* QuotesViewController.swift */ = {isa = PBXFileReference; lastKnownFileType = sourcecode.swift; path = QuotesViewController.swift; sourceTree = "<group>"; };
		D98F6F542C26FC280003B5AD /* MainViewController.swift */ = {isa = PBXFileReference; lastKnownFileType = sourcecode.swift; path = MainViewController.swift; sourceTree = "<group>"; };
		D98F6F562C26FC4D0003B5AD /* MainView.swift */ = {isa = PBXFileReference; lastKnownFileType = sourcecode.swift; path = MainView.swift; sourceTree = "<group>"; };
		D98F6F582C2702A20003B5AD /* MainTabBarController.swift */ = {isa = PBXFileReference; lastKnownFileType = sourcecode.swift; path = MainTabBarController.swift; sourceTree = "<group>"; };
		D98F6F5C2C2703BA0003B5AD /* ChuckNorrisViewController.swift */ = {isa = PBXFileReference; lastKnownFileType = sourcecode.swift; path = ChuckNorrisViewController.swift; sourceTree = "<group>"; };
		D98F6F5E2C2703C60003B5AD /* JokesViewController.swift */ = {isa = PBXFileReference; lastKnownFileType = sourcecode.swift; path = JokesViewController.swift; sourceTree = "<group>"; };
		D98F6F602C2704D40003B5AD /* JokesManager.swift */ = {isa = PBXFileReference; lastKnownFileType = sourcecode.swift; path = JokesManager.swift; sourceTree = "<group>"; };
		D98F6F622C2705CB0003B5AD /* ChuckNorrisManager.swift */ = {isa = PBXFileReference; lastKnownFileType = sourcecode.swift; path = ChuckNorrisManager.swift; sourceTree = "<group>"; };
		D98F6F642C27063C0003B5AD /* JokeView.swift */ = {isa = PBXFileReference; lastKnownFileType = sourcecode.swift; path = JokeView.swift; sourceTree = "<group>"; };
		D98F6F662C27064E0003B5AD /* ChuckNorrisView.swift */ = {isa = PBXFileReference; lastKnownFileType = sourcecode.swift; path = ChuckNorrisView.swift; sourceTree = "<group>"; };
/* End PBXFileReference section */

/* Begin PBXFrameworksBuildPhase section */
		D98F6F2F2C26ED710003B5AD /* Frameworks */ = {
			isa = PBXFrameworksBuildPhase;
			buildActionMask = 2147483647;
			files = (
			);
			runOnlyForDeploymentPostprocessing = 0;
		};
/* End PBXFrameworksBuildPhase section */

/* Begin PBXGroup section */
		D98F6F292C26ED710003B5AD = {
			isa = PBXGroup;
			children = (
				D98F6F342C26ED720003B5AD /* ios-quotes-api-ninjas */,
				D98F6F332C26ED720003B5AD /* Products */,
			);
			sourceTree = "<group>";
		};
		D98F6F332C26ED720003B5AD /* Products */ = {
			isa = PBXGroup;
			children = (
				D98F6F322C26ED720003B5AD /* ios-quotes-api-ninjas.app */,
			);
			name = Products;
			sourceTree = "<group>";
		};
		D98F6F342C26ED720003B5AD /* ios-quotes-api-ninjas */ = {
			isa = PBXGroup;
			children = (
				D98F6F5B2C2703A70003B5AD /* Chuck */,
				D98F6F5A2C2702BD0003B5AD /* Jokes */,
				D98F6F4F2C26FBB30003B5AD /* Quote */,
				D98F6F4E2C26FBA00003B5AD /* Main */,
				D98F6F492C26F11A0003B5AD /* Network */,
				D98F6F352C26ED720003B5AD /* AppDelegate.swift */,
				D98F6F372C26ED720003B5AD /* SceneDelegate.swift */,
				D98F6F3E2C26ED730003B5AD /* Assets.xcassets */,
				D98F6F402C26ED730003B5AD /* LaunchScreen.storyboard */,
				D98F6F432C26ED730003B5AD /* Info.plist */,
				D98F6F582C2702A20003B5AD /* MainTabBarController.swift */,
			);
			path = "ios-quotes-api-ninjas";
			sourceTree = "<group>";
		};
		D98F6F492C26F11A0003B5AD /* Network */ = {
			isa = PBXGroup;
			children = (
				D98F6F4A2C26F12D0003B5AD /* NetworkManager.swift */,
				D98F6F4C2C26F2870003B5AD /* QuotesManager.swift */,
				D98F6F602C2704D40003B5AD /* JokesManager.swift */,
				D98F6F622C2705CB0003B5AD /* ChuckNorrisManager.swift */,
			);
			path = Network;
			sourceTree = "<group>";
		};
		D98F6F4E2C26FBA00003B5AD /* Main */ = {
			isa = PBXGroup;
			children = (
				D98F6F542C26FC280003B5AD /* MainViewController.swift */,
				D98F6F562C26FC4D0003B5AD /* MainView.swift */,
			);
			path = Main;
			sourceTree = "<group>";
		};
		D98F6F4F2C26FBB30003B5AD /* Quote */ = {
			isa = PBXGroup;
			children = (
				D98F6F502C26FBD00003B5AD /* QuoteView.swift */,
				D98F6F522C26FBF50003B5AD /* QuotesViewController.swift */,
			);
			path = Quote;
			sourceTree = "<group>";
		};
		D98F6F5A2C2702BD0003B5AD /* Jokes */ = {
			isa = PBXGroup;
			children = (
				D98F6F5E2C2703C60003B5AD /* JokesViewController.swift */,
				D98F6F642C27063C0003B5AD /* JokeView.swift */,
			);
			path = Jokes;
			sourceTree = "<group>";
		};
		D98F6F5B2C2703A70003B5AD /* Chuck */ = {
			isa = PBXGroup;
			children = (
				D98F6F5C2C2703BA0003B5AD /* ChuckNorrisViewController.swift */,
				D98F6F662C27064E0003B5AD /* ChuckNorrisView.swift */,
			);
			path = Chuck;
			sourceTree = "<group>";
		};
/* End PBXGroup section */

/* Begin PBXNativeTarget section */
		D98F6F312C26ED710003B5AD /* ios-quotes-api-ninjas */ = {
			isa = PBXNativeTarget;
			buildConfigurationList = D98F6F462C26ED730003B5AD /* Build configuration list for PBXNativeTarget "ios-quotes-api-ninjas" */;
			buildPhases = (
				D98F6F2E2C26ED710003B5AD /* Sources */,
				D98F6F2F2C26ED710003B5AD /* Frameworks */,
				D98F6F302C26ED710003B5AD /* Resources */,
			);
			buildRules = (
			);
			dependencies = (
			);
			name = "ios-quotes-api-ninjas";
			productName = "ios-quotes-api-ninjas";
			productReference = D98F6F322C26ED720003B5AD /* ios-quotes-api-ninjas.app */;
			productType = "com.apple.product-type.application";
		};
/* End PBXNativeTarget section */

/* Begin PBXProject section */
		D98F6F2A2C26ED710003B5AD /* Project object */ = {
			isa = PBXProject;
			attributes = {
				BuildIndependentTargetsInParallel = 1;
				LastSwiftUpdateCheck = 1540;
				LastUpgradeCheck = 1540;
				TargetAttributes = {
					D98F6F312C26ED710003B5AD = {
						CreatedOnToolsVersion = 15.4;
					};
				};
			};
			buildConfigurationList = D98F6F2D2C26ED710003B5AD /* Build configuration list for PBXProject "ios-quotes-api-ninjas" */;
			compatibilityVersion = "Xcode 14.0";
			developmentRegion = en;
			hasScannedForEncodings = 0;
			knownRegions = (
				en,
				Base,
			);
			mainGroup = D98F6F292C26ED710003B5AD;
			productRefGroup = D98F6F332C26ED720003B5AD /* Products */;
			projectDirPath = "";
			projectRoot = "";
			targets = (
				D98F6F312C26ED710003B5AD /* ios-quotes-api-ninjas */,
			);
		};
/* End PBXProject section */

/* Begin PBXResourcesBuildPhase section */
		D98F6F302C26ED710003B5AD /* Resources */ = {
			isa = PBXResourcesBuildPhase;
			buildActionMask = 2147483647;
			files = (
				D98F6F3F2C26ED730003B5AD /* Assets.xcassets in Resources */,
				D98F6F422C26ED730003B5AD /* Base in Resources */,
			);
			runOnlyForDeploymentPostprocessing = 0;
		};
/* End PBXResourcesBuildPhase section */

/* Begin PBXSourcesBuildPhase section */
		D98F6F2E2C26ED710003B5AD /* Sources */ = {
			isa = PBXSourcesBuildPhase;
			buildActionMask = 2147483647;
			files = (
				D98F6F612C2704D40003B5AD /* JokesManager.swift in Sources */,
				D98F6F652C27063C0003B5AD /* JokeView.swift in Sources */,
				D98F6F5D2C2703BA0003B5AD /* ChuckNorrisViewController.swift in Sources */,
				D98F6F4D2C26F2870003B5AD /* QuotesManager.swift in Sources */,
				D98F6F572C26FC4D0003B5AD /* MainView.swift in Sources */,
				D98F6F672C27064E0003B5AD /* ChuckNorrisView.swift in Sources */,
				D98F6F592C2702A20003B5AD /* MainTabBarController.swift in Sources */,
				D98F6F5F2C2703C60003B5AD /* JokesViewController.swift in Sources */,
				D98F6F512C26FBD00003B5AD /* QuoteView.swift in Sources */,
				D98F6F4B2C26F12D0003B5AD /* NetworkManager.swift in Sources */,
				D98F6F362C26ED720003B5AD /* AppDelegate.swift in Sources */,
				D98F6F382C26ED720003B5AD /* SceneDelegate.swift in Sources */,
				D98F6F532C26FBF50003B5AD /* QuotesViewController.swift in Sources */,
				D98F6F632C2705CB0003B5AD /* ChuckNorrisManager.swift in Sources */,
				D98F6F552C26FC280003B5AD /* MainViewController.swift in Sources */,
			);
			runOnlyForDeploymentPostprocessing = 0;
		};
/* End PBXSourcesBuildPhase section */

/* Begin PBXVariantGroup section */
		D98F6F402C26ED730003B5AD /* LaunchScreen.storyboard */ = {
			isa = PBXVariantGroup;
			children = (
				D98F6F412C26ED730003B5AD /* Base */,
			);
			name = LaunchScreen.storyboard;
			sourceTree = "<group>";
		};
/* End PBXVariantGroup section */

/* Begin XCBuildConfiguration section */
		D98F6F442C26ED730003B5AD /* Debug */ = {
			isa = XCBuildConfiguration;
			buildSettings = {
				ALWAYS_SEARCH_USER_PATHS = NO;
				ASSETCATALOG_COMPILER_GENERATE_SWIFT_ASSET_SYMBOL_EXTENSIONS = YES;
				CLANG_ANALYZER_NONNULL = YES;
				CLANG_ANALYZER_NUMBER_OBJECT_CONVERSION = YES_AGGRESSIVE;
				CLANG_CXX_LANGUAGE_STANDARD = "gnu++20";
				CLANG_ENABLE_MODULES = YES;
				CLANG_ENABLE_OBJC_ARC = YES;
				CLANG_ENABLE_OBJC_WEAK = YES;
				CLANG_WARN_BLOCK_CAPTURE_AUTORELEASING = YES;
				CLANG_WARN_BOOL_CONVERSION = YES;
				CLANG_WARN_COMMA = YES;
				CLANG_WARN_CONSTANT_CONVERSION = YES;
				CLANG_WARN_DEPRECATED_OBJC_IMPLEMENTATIONS = YES;
				CLANG_WARN_DIRECT_OBJC_ISA_USAGE = YES_ERROR;
				CLANG_WARN_DOCUMENTATION_COMMENTS = YES;
				CLANG_WARN_EMPTY_BODY = YES;
				CLANG_WARN_ENUM_CONVERSION = YES;
				CLANG_WARN_INFINITE_RECURSION = YES;
				CLANG_WARN_INT_CONVERSION = YES;
				CLANG_WARN_NON_LITERAL_NULL_CONVERSION = YES;
				CLANG_WARN_OBJC_IMPLICIT_RETAIN_SELF = YES;
				CLANG_WARN_OBJC_LITERAL_CONVERSION = YES;
				CLANG_WARN_OBJC_ROOT_CLASS = YES_ERROR;
				CLANG_WARN_QUOTED_INCLUDE_IN_FRAMEWORK_HEADER = YES;
				CLANG_WARN_RANGE_LOOP_ANALYSIS = YES;
				CLANG_WARN_STRICT_PROTOTYPES = YES;
				CLANG_WARN_SUSPICIOUS_MOVE = YES;
				CLANG_WARN_UNGUARDED_AVAILABILITY = YES_AGGRESSIVE;
				CLANG_WARN_UNREACHABLE_CODE = YES;
				CLANG_WARN__DUPLICATE_METHOD_MATCH = YES;
				COPY_PHASE_STRIP = NO;
				DEBUG_INFORMATION_FORMAT = dwarf;
				ENABLE_STRICT_OBJC_MSGSEND = YES;
				ENABLE_TESTABILITY = YES;
				ENABLE_USER_SCRIPT_SANDBOXING = YES;
				GCC_C_LANGUAGE_STANDARD = gnu17;
				GCC_DYNAMIC_NO_PIC = NO;
				GCC_NO_COMMON_BLOCKS = YES;
				GCC_OPTIMIZATION_LEVEL = 0;
				GCC_PREPROCESSOR_DEFINITIONS = (
					"DEBUG=1",
					"$(inherited)",
				);
				GCC_WARN_64_TO_32_BIT_CONVERSION = YES;
				GCC_WARN_ABOUT_RETURN_TYPE = YES_ERROR;
				GCC_WARN_UNDECLARED_SELECTOR = YES;
				GCC_WARN_UNINITIALIZED_AUTOS = YES_AGGRESSIVE;
				GCC_WARN_UNUSED_FUNCTION = YES;
				GCC_WARN_UNUSED_VARIABLE = YES;
				IPHONEOS_DEPLOYMENT_TARGET = 17.5;
				LOCALIZATION_PREFERS_STRING_CATALOGS = YES;
				MTL_ENABLE_DEBUG_INFO = INCLUDE_SOURCE;
				MTL_FAST_MATH = YES;
				ONLY_ACTIVE_ARCH = YES;
				SDKROOT = iphoneos;
				SWIFT_ACTIVE_COMPILATION_CONDITIONS = "DEBUG $(inherited)";
				SWIFT_OPTIMIZATION_LEVEL = "-Onone";
			};
			name = Debug;
		};
		D98F6F452C26ED730003B5AD /* Release */ = {
			isa = XCBuildConfiguration;
			buildSettings = {
				ALWAYS_SEARCH_USER_PATHS = NO;
				ASSETCATALOG_COMPILER_GENERATE_SWIFT_ASSET_SYMBOL_EXTENSIONS = YES;
				CLANG_ANALYZER_NONNULL = YES;
				CLANG_ANALYZER_NUMBER_OBJECT_CONVERSION = YES_AGGRESSIVE;
				CLANG_CXX_LANGUAGE_STANDARD = "gnu++20";
				CLANG_ENABLE_MODULES = YES;
				CLANG_ENABLE_OBJC_ARC = YES;
				CLANG_ENABLE_OBJC_WEAK = YES;
				CLANG_WARN_BLOCK_CAPTURE_AUTORELEASING = YES;
				CLANG_WARN_BOOL_CONVERSION = YES;
				CLANG_WARN_COMMA = YES;
				CLANG_WARN_CONSTANT_CONVERSION = YES;
				CLANG_WARN_DEPRECATED_OBJC_IMPLEMENTATIONS = YES;
				CLANG_WARN_DIRECT_OBJC_ISA_USAGE = YES_ERROR;
				CLANG_WARN_DOCUMENTATION_COMMENTS = YES;
				CLANG_WARN_EMPTY_BODY = YES;
				CLANG_WARN_ENUM_CONVERSION = YES;
				CLANG_WARN_INFINITE_RECURSION = YES;
				CLANG_WARN_INT_CONVERSION = YES;
				CLANG_WARN_NON_LITERAL_NULL_CONVERSION = YES;
				CLANG_WARN_OBJC_IMPLICIT_RETAIN_SELF = YES;
				CLANG_WARN_OBJC_LITERAL_CONVERSION = YES;
				CLANG_WARN_OBJC_ROOT_CLASS = YES_ERROR;
				CLANG_WARN_QUOTED_INCLUDE_IN_FRAMEWORK_HEADER = YES;
				CLANG_WARN_RANGE_LOOP_ANALYSIS = YES;
				CLANG_WARN_STRICT_PROTOTYPES = YES;
				CLANG_WARN_SUSPICIOUS_MOVE = YES;
				CLANG_WARN_UNGUARDED_AVAILABILITY = YES_AGGRESSIVE;
				CLANG_WARN_UNREACHABLE_CODE = YES;
				CLANG_WARN__DUPLICATE_METHOD_MATCH = YES;
				COPY_PHASE_STRIP = NO;
				DEBUG_INFORMATION_FORMAT = "dwarf-with-dsym";
				ENABLE_NS_ASSERTIONS = NO;
				ENABLE_STRICT_OBJC_MSGSEND = YES;
				ENABLE_USER_SCRIPT_SANDBOXING = YES;
				GCC_C_LANGUAGE_STANDARD = gnu17;
				GCC_NO_COMMON_BLOCKS = YES;
				GCC_WARN_64_TO_32_BIT_CONVERSION = YES;
				GCC_WARN_ABOUT_RETURN_TYPE = YES_ERROR;
				GCC_WARN_UNDECLARED_SELECTOR = YES;
				GCC_WARN_UNINITIALIZED_AUTOS = YES_AGGRESSIVE;
				GCC_WARN_UNUSED_FUNCTION = YES;
				GCC_WARN_UNUSED_VARIABLE = YES;
				IPHONEOS_DEPLOYMENT_TARGET = 17.5;
				LOCALIZATION_PREFERS_STRING_CATALOGS = YES;
				MTL_ENABLE_DEBUG_INFO = NO;
				MTL_FAST_MATH = YES;
				SDKROOT = iphoneos;
				SWIFT_COMPILATION_MODE = wholemodule;
				VALIDATE_PRODUCT = YES;
			};
			name = Release;
		};
		D98F6F472C26ED730003B5AD /* Debug */ = {
			isa = XCBuildConfiguration;
			buildSettings = {
				ASSETCATALOG_COMPILER_APPICON_NAME = AppIcon;
				ASSETCATALOG_COMPILER_GLOBAL_ACCENT_COLOR_NAME = AccentColor;
				CODE_SIGN_STYLE = Automatic;
				CURRENT_PROJECT_VERSION = 1;
				GENERATE_INFOPLIST_FILE = YES;
				INFOPLIST_FILE = "ios-quotes-api-ninjas/Info.plist";
				INFOPLIST_KEY_UIApplicationSupportsIndirectInputEvents = YES;
				INFOPLIST_KEY_UILaunchStoryboardName = LaunchScreen;
				INFOPLIST_KEY_UIMainStoryboardFile = "";
				INFOPLIST_KEY_UISupportedInterfaceOrientations_iPad = "UIInterfaceOrientationPortrait UIInterfaceOrientationPortraitUpsideDown UIInterfaceOrientationLandscapeLeft UIInterfaceOrientationLandscapeRight";
				INFOPLIST_KEY_UISupportedInterfaceOrientations_iPhone = "UIInterfaceOrientationPortrait UIInterfaceOrientationLandscapeLeft UIInterfaceOrientationLandscapeRight";
				LD_RUNPATH_SEARCH_PATHS = (
					"$(inherited)",
					"@executable_path/Frameworks",
				);
				MARKETING_VERSION = 1.0;
				PRODUCT_BUNDLE_IDENTIFIER = "com.anyteam.ios-quotes-api-ninjas";
				PRODUCT_NAME = "$(TARGET_NAME)";
				SWIFT_EMIT_LOC_STRINGS = YES;
				SWIFT_VERSION = 5.0;
				TARGETED_DEVICE_FAMILY = "1,2";
			};
			name = Debug;
		};
		D98F6F482C26ED730003B5AD /* Release */ = {
			isa = XCBuildConfiguration;
			buildSettings = {
				ASSETCATALOG_COMPILER_APPICON_NAME = AppIcon;
				ASSETCATALOG_COMPILER_GLOBAL_ACCENT_COLOR_NAME = AccentColor;
				CODE_SIGN_STYLE = Automatic;
				CURRENT_PROJECT_VERSION = 1;
				GENERATE_INFOPLIST_FILE = YES;
				INFOPLIST_FILE = "ios-quotes-api-ninjas/Info.plist";
				INFOPLIST_KEY_UIApplicationSupportsIndirectInputEvents = YES;
				INFOPLIST_KEY_UILaunchStoryboardName = LaunchScreen;
				INFOPLIST_KEY_UIMainStoryboardFile = "";
				INFOPLIST_KEY_UISupportedInterfaceOrientations_iPad = "UIInterfaceOrientationPortrait UIInterfaceOrientationPortraitUpsideDown UIInterfaceOrientationLandscapeLeft UIInterfaceOrientationLandscapeRight";
				INFOPLIST_KEY_UISupportedInterfaceOrientations_iPhone = "UIInterfaceOrientationPortrait UIInterfaceOrientationLandscapeLeft UIInterfaceOrientationLandscapeRight";
				LD_RUNPATH_SEARCH_PATHS = (
					"$(inherited)",
					"@executable_path/Frameworks",
				);
				MARKETING_VERSION = 1.0;
				PRODUCT_BUNDLE_IDENTIFIER = "com.anyteam.ios-quotes-api-ninjas";
				PRODUCT_NAME = "$(TARGET_NAME)";
				SWIFT_EMIT_LOC_STRINGS = YES;
				SWIFT_VERSION = 5.0;
				TARGETED_DEVICE_FAMILY = "1,2";
			};
			name = Release;
		};
/* End XCBuildConfiguration section */

/* Begin XCConfigurationList section */
		D98F6F2D2C26ED710003B5AD /* Build configuration list for PBXProject "ios-quotes-api-ninjas" */ = {
			isa = XCConfigurationList;
			buildConfigurations = (
				D98F6F442C26ED730003B5AD /* Debug */,
				D98F6F452C26ED730003B5AD /* Release */,
			);
			defaultConfigurationIsVisible = 0;
			defaultConfigurationName = Release;
		};
		D98F6F462C26ED730003B5AD /* Build configuration list for PBXNativeTarget "ios-quotes-api-ninjas" */ = {
			isa = XCConfigurationList;
			buildConfigurations = (
				D98F6F472C26ED730003B5AD /* Debug */,
				D98F6F482C26ED730003B5AD /* Release */,
			);
			defaultConfigurationIsVisible = 0;
			defaultConfigurationName = Release;
		};
/* End XCConfigurationList section */
	};
	rootObject = D98F6F2A2C26ED710003B5AD /* Project object */;
}
